
Microsoft Visual Studio Solution File, Format Version 12.00
# Visual Studio Express 2012 for Web
Project("{FAE04EC0-301F-11D3-BF4B-00C04F79EFBC}") = "PeerJSApp", "PeerJSApp\PeerJSApp.csproj", "{59475FC7-7EC8-4D63-ABB7-DBE76398A859}"
EndProject
Global
	GlobalSection(SolutionConfigurationPlatforms) = preSolution
		Debug|Any CPU = Debug|Any CPU
		Release|Any CPU = Release|Any CPU
	EndGlobalSection
	GlobalSection(ProjectConfigurationPlatforms) = postSolution
		{59475FC7-7EC8-4D63-ABB7-DBE76398A859}.Debug|Any CPU.ActiveCfg = Debug|Any CPU
		{59475FC7-7EC8-4D63-ABB7-DBE76398A859}.Debug|Any CPU.Build.0 = Debug|Any CPU
		{59475FC7-7EC8-4D63-ABB7-DBE76398A859}.Release|Any CPU.ActiveCfg = Release|Any CPU
		{59475FC7-7EC8-4D63-ABB7-DBE76398A859}.Release|Any CPU.Build.0 = Release|Any CPU
	EndGlobalSection
	GlobalSection(SolutionProperties) = preSolution
		HideSolutionNode = FALSE
	EndGlobalSection
EndGlobal
